
Microsoft Visual Studio Solution File, Format Version 12.00
# Visual Studio Version 17
VisualStudioVersion = 17.5.33530.505
MinimumVisualStudioVersion = 10.0.40219.1
Project("{9A19103F-16F7-4668-BE54-9A1E7A4F7556}") = "Mohali_Property_Web", "Mohali_Property\Mohali_Property_Web.csproj", "{22A65AEA-4ADF-4500-83FF-7B9DDABB1E2B}"
EndProject
Project("{9A19103F-16F7-4668-BE54-9A1E7A4F7556}") = "Mohali_Property_API", "Mohali_Property_API\Mohali_Property_API.csproj", "{57F5BA57-2754-4CE7-B5E6-F9B37BE863FF}"
EndProject
Project("{FAE04EC0-301F-11D3-BF4B-00C04F79EFBC}") = "Mohali_Property_Model", "Mohali_Property_Model\Mohali_Property_Model.csproj", "{17D1A055-FC18-4664-B7C5-1F0A39A97A3A}"
EndProject
Global
	GlobalSection(SolutionConfigurationPlatforms) = preSolution
		Debug|Any CPU = Debug|Any CPU
		Release|Any CPU = Release|Any CPU
	EndGlobalSection
	GlobalSection(ProjectConfigurationPlatforms) = postSolution
		{22A65AEA-4ADF-4500-83FF-7B9DDABB1E2B}.Debug|Any CPU.ActiveCfg = Debug|Any CPU
		{22A65AEA-4ADF-4500-83FF-7B9DDABB1E2B}.Debug|Any CPU.Build.0 = Debug|Any CPU
		{22A65AEA-4ADF-4500-83FF-7B9DDABB1E2B}.Release|Any CPU.ActiveCfg = Release|Any CPU
		{22A65AEA-4ADF-4500-83FF-7B9DDABB1E2B}.Release|Any CPU.Build.0 = Release|Any CPU
		{57F5BA57-2754-4CE7-B5E6-F9B37BE863FF}.Debug|Any CPU.ActiveCfg = Debug|Any CPU
		{57F5BA57-2754-4CE7-B5E6-F9B37BE863FF}.Debug|Any CPU.Build.0 = Debug|Any CPU
		{57F5BA57-2754-4CE7-B5E6-F9B37BE863FF}.Release|Any CPU.ActiveCfg = Release|Any CPU
		{57F5BA57-2754-4CE7-B5E6-F9B37BE863FF}.Release|Any CPU.Build.0 = Release|Any CPU
		{17D1A055-FC18-4664-B7C5-1F0A39A97A3A}.Debug|Any CPU.ActiveCfg = Debug|Any CPU
		{17D1A055-FC18-4664-B7C5-1F0A39A97A3A}.Debug|Any CPU.Build.0 = Debug|Any CPU
		{17D1A055-FC18-4664-B7C5-1F0A39A97A3A}.Release|Any CPU.ActiveCfg = Release|Any CPU
		{17D1A055-FC18-4664-B7C5-1F0A39A97A3A}.Release|Any CPU.Build.0 = Release|Any CPU
	EndGlobalSection
	GlobalSection(SolutionProperties) = preSolution
		HideSolutionNode = FALSE
	EndGlobalSection
	GlobalSection(ExtensibilityGlobals) = postSolution
		SolutionGuid = {0C281F56-B0C5-4E1F-A851-501758EC1CF9}
	EndGlobalSection
EndGlobal
