
Microsoft Visual Studio Solution File, Format Version 12.00
# Visual Studio Version 17
VisualStudioVersion = 17.5.33530.505
MinimumVisualStudioVersion = 10.0.40219.1
Project("{9A19103F-16F7-4668-BE54-9A1E7A4F7556}") = "MohaliProperty.Web", "Mohali_Property\MohaliProperty.Web.csproj", "{22A65AEA-4ADF-4500-83FF-7B9DDABB1E2B}"
EndProject
Project("{9A19103F-16F7-4668-BE54-9A1E7A4F7556}") = "MohaliProperty.API", "Mohali_Property_API\MohaliProperty.API.csproj", "{57F5BA57-2754-4CE7-B5E6-F9B37BE863FF}"
EndProject
Project("{FAE04EC0-301F-11D3-BF4B-00C04F79EFBC}") = "MohaliProperty.Model", "Mohali_Property_Model\MohaliProperty.Model.csproj", "{17D1A055-FC18-4664-B7C5-1F0A39A97A3A}"
EndProject
Project("{FAE04EC0-301F-11D3-BF4B-00C04F79EFBC}") = "MohaliProperty.Dbcontext", "MohaliProperty.Dbcontext\MohaliProperty.Dbcontext.csproj", "{24CA8776-49F1-4490-8A64-DF490D8E2DD0}"
EndProject
Project("{FAE04EC0-301F-11D3-BF4B-00C04F79EFBC}") = "MohaliProperty.Services", "MohaliProperty.Services\MohaliProperty.Services.csproj", "{9AB0B8CC-3C8F-4EBF-8D65-D72CF41F6F03}"
EndProject
Project("{FAE04EC0-301F-11D3-BF4B-00C04F79EFBC}") = "MohaliProperty.Extensions", "MohaliProperty.Extensions\MohaliProperty.Extensions.csproj", "{870C14E7-CBF7-4971-BAF3-AF8B3B9C02E4}"
EndProject
Global
	GlobalSection(SolutionConfigurationPlatforms) = preSolution
		Debug|Any CPU = Debug|Any CPU
		Release|Any CPU = Release|Any CPU
	EndGlobalSection
	GlobalSection(ProjectConfigurationPlatforms) = postSolution
		{22A65AEA-4ADF-4500-83FF-7B9DDABB1E2B}.Debug|Any CPU.ActiveCfg = Debug|Any CPU
		{22A65AEA-4ADF-4500-83FF-7B9DDABB1E2B}.Debug|Any CPU.Build.0 = Debug|Any CPU
		{22A65AEA-4ADF-4500-83FF-7B9DDABB1E2B}.Release|Any CPU.ActiveCfg = Release|Any CPU
		{22A65AEA-4ADF-4500-83FF-7B9DDABB1E2B}.Release|Any CPU.Build.0 = Release|Any CPU
		{57F5BA57-2754-4CE7-B5E6-F9B37BE863FF}.Debug|Any CPU.ActiveCfg = Debug|Any CPU
		{57F5BA57-2754-4CE7-B5E6-F9B37BE863FF}.Debug|Any CPU.Build.0 = Debug|Any CPU
		{57F5BA57-2754-4CE7-B5E6-F9B37BE863FF}.Release|Any CPU.ActiveCfg = Release|Any CPU
		{57F5BA57-2754-4CE7-B5E6-F9B37BE863FF}.Release|Any CPU.Build.0 = Release|Any CPU
		{17D1A055-FC18-4664-B7C5-1F0A39A97A3A}.Debug|Any CPU.ActiveCfg = Debug|Any CPU
		{17D1A055-FC18-4664-B7C5-1F0A39A97A3A}.Debug|Any CPU.Build.0 = Debug|Any CPU
		{17D1A055-FC18-4664-B7C5-1F0A39A97A3A}.Release|Any CPU.ActiveCfg = Release|Any CPU
		{17D1A055-FC18-4664-B7C5-1F0A39A97A3A}.Release|Any CPU.Build.0 = Release|Any CPU
		{24CA8776-49F1-4490-8A64-DF490D8E2DD0}.Debug|Any CPU.ActiveCfg = Debug|Any CPU
		{24CA8776-49F1-4490-8A64-DF490D8E2DD0}.Debug|Any CPU.Build.0 = Debug|Any CPU
		{24CA8776-49F1-4490-8A64-DF490D8E2DD0}.Release|Any CPU.ActiveCfg = Release|Any CPU
		{24CA8776-49F1-4490-8A64-DF490D8E2DD0}.Release|Any CPU.Build.0 = Release|Any CPU
		{9AB0B8CC-3C8F-4EBF-8D65-D72CF41F6F03}.Debug|Any CPU.ActiveCfg = Debug|Any CPU
		{9AB0B8CC-3C8F-4EBF-8D65-D72CF41F6F03}.Debug|Any CPU.Build.0 = Debug|Any CPU
		{9AB0B8CC-3C8F-4EBF-8D65-D72CF41F6F03}.Release|Any CPU.ActiveCfg = Release|Any CPU
		{9AB0B8CC-3C8F-4EBF-8D65-D72CF41F6F03}.Release|Any CPU.Build.0 = Release|Any CPU
		{870C14E7-CBF7-4971-BAF3-AF8B3B9C02E4}.Debug|Any CPU.ActiveCfg = Debug|Any CPU
		{870C14E7-CBF7-4971-BAF3-AF8B3B9C02E4}.Debug|Any CPU.Build.0 = Debug|Any CPU
		{870C14E7-CBF7-4971-BAF3-AF8B3B9C02E4}.Release|Any CPU.ActiveCfg = Release|Any CPU
		{870C14E7-CBF7-4971-BAF3-AF8B3B9C02E4}.Release|Any CPU.Build.0 = Release|Any CPU
	EndGlobalSection
	GlobalSection(SolutionProperties) = preSolution
		HideSolutionNode = FALSE
	EndGlobalSection
	GlobalSection(ExtensibilityGlobals) = postSolution
		SolutionGuid = {0C281F56-B0C5-4E1F-A851-501758EC1CF9}
	EndGlobalSection
EndGlobal
